
Microsoft Visual Studio Solution File, Format Version 12.00
# Visual Studio 15
VisualStudioVersion = 15.0.26430.13
MinimumVisualStudioVersion = 10.0.40219.1
Project("{FAE04EC0-301F-11D3-BF4B-00C04F79EFBC}") = "01. Day of Week", "01. Day of Week\01. Day of Week.csproj", "{CECD88B4-B080-4913-9509-D98B678DF41B}"
EndProject
Project("{FAE04EC0-301F-11D3-BF4B-00C04F79EFBC}") = "02. Randomize Words", "02. Randomize Words\02. Randomize Words.csproj", "{4BC499D8-1B69-485E-8110-7B96D25D20DC}"
EndProject
Global
	GlobalSection(SolutionConfigurationPlatforms) = preSolution
		Debug|Any CPU = Debug|Any CPU
		Release|Any CPU = Release|Any CPU
	EndGlobalSection
	GlobalSection(ProjectConfigurationPlatforms) = postSolution
		{CECD88B4-B080-4913-9509-D98B678DF41B}.Debug|Any CPU.ActiveCfg = Debug|Any CPU
		{CECD88B4-B080-4913-9509-D98B678DF41B}.Debug|Any CPU.Build.0 = Debug|Any CPU
		{CECD88B4-B080-4913-9509-D98B678DF41B}.Release|Any CPU.ActiveCfg = Release|Any CPU
		{CECD88B4-B080-4913-9509-D98B678DF41B}.Release|Any CPU.Build.0 = Release|Any CPU
		{4BC499D8-1B69-485E-8110-7B96D25D20DC}.Debug|Any CPU.ActiveCfg = Debug|Any CPU
		{4BC499D8-1B69-485E-8110-7B96D25D20DC}.Debug|Any CPU.Build.0 = Debug|Any CPU
		{4BC499D8-1B69-485E-8110-7B96D25D20DC}.Release|Any CPU.ActiveCfg = Release|Any CPU
		{4BC499D8-1B69-485E-8110-7B96D25D20DC}.Release|Any CPU.Build.0 = Release|Any CPU
	EndGlobalSection
	GlobalSection(SolutionProperties) = preSolution
		HideSolutionNode = FALSE
	EndGlobalSection
EndGlobal
