
Microsoft Visual Studio Solution File, Format Version 12.00
# Visual Studio 14
VisualStudioVersion = 14.0.25420.1
MinimumVisualStudioVersion = 10.0.40219.1
Project("{FAE04EC0-301F-11D3-BF4B-00C04F79EFBC}") = "01. Blank Receipt", "01. Blank Receipt\01. Blank Receipt.csproj", "{D6E37F1A-A71C-4E0E-9872-C4D988AE05D1}"
EndProject
Project("{FAE04EC0-301F-11D3-BF4B-00C04F79EFBC}") = "02. Sign of Integer Number", "02. Sign of Integer Number\02. Sign of Integer Number.csproj", "{888E7324-CB4A-4DD3-BBE7-B63AD574FFF3}"
EndProject
Project("{FAE04EC0-301F-11D3-BF4B-00C04F79EFBC}") = "03. Printing Triangle", "03. Printing Triangle\03. Printing Triangle.csproj", "{E7BD82D0-4C68-4F7A-8142-77307817CA3E}"
EndProject
Project("{FAE04EC0-301F-11D3-BF4B-00C04F79EFBC}") = "04. Draw a Filled Square", "04. Draw a Filled Square\04. Draw a Filled Square.csproj", "{C23ED5EE-EB43-4948-8012-5D455E622E1C}"
EndProject
Project("{FAE04EC0-301F-11D3-BF4B-00C04F79EFBC}") = "05. Calculate Triangle Area", "05. Calculate Triangle Area\05. Calculate Triangle Area.csproj", "{1F6C86F6-3F82-4BCC-BFBA-64FB5FD882B2}"
EndProject
Project("{FAE04EC0-301F-11D3-BF4B-00C04F79EFBC}") = "06. Math Power", "06. Math Power\06. Math Power.csproj", "{935FDB2D-DAB6-473F-8CD8-3F248130FCB8}"
EndProject
Project("{FAE04EC0-301F-11D3-BF4B-00C04F79EFBC}") = "07. Greater of Two Values", "07. Greater of Two Values\07. Greater of Two Values.csproj", "{04C25B2B-5B38-43ED-AD84-941EF2C85CF6}"
EndProject
Project("{FAE04EC0-301F-11D3-BF4B-00C04F79EFBC}") = "08. Multiply Evens by Odds", "08. Multiply Evens by Odds\08. Multiply Evens by Odds.csproj", "{2758DBDC-CC30-4DB3-A6D5-A660FD0B7692}"
EndProject
Project("{FAE04EC0-301F-11D3-BF4B-00C04F79EFBC}") = "09. Holidays Between Two Dates", "09. Holidays Between Two Dates\09. Holidays Between Two Dates.csproj", "{3EB368A2-FD8F-487A-B349-9DCCB2430127}"
EndProject
Project("{FAE04EC0-301F-11D3-BF4B-00C04F79EFBC}") = "10. Price Change Alert", "10. Price Change Alert\10. Price Change Alert.csproj", "{6D77368D-1327-423D-B411-159450751437}"
EndProject
Global
	GlobalSection(SolutionConfigurationPlatforms) = preSolution
		Debug|Any CPU = Debug|Any CPU
		Release|Any CPU = Release|Any CPU
	EndGlobalSection
	GlobalSection(ProjectConfigurationPlatforms) = postSolution
		{D6E37F1A-A71C-4E0E-9872-C4D988AE05D1}.Debug|Any CPU.ActiveCfg = Debug|Any CPU
		{D6E37F1A-A71C-4E0E-9872-C4D988AE05D1}.Debug|Any CPU.Build.0 = Debug|Any CPU
		{D6E37F1A-A71C-4E0E-9872-C4D988AE05D1}.Release|Any CPU.ActiveCfg = Release|Any CPU
		{D6E37F1A-A71C-4E0E-9872-C4D988AE05D1}.Release|Any CPU.Build.0 = Release|Any CPU
		{888E7324-CB4A-4DD3-BBE7-B63AD574FFF3}.Debug|Any CPU.ActiveCfg = Debug|Any CPU
		{888E7324-CB4A-4DD3-BBE7-B63AD574FFF3}.Debug|Any CPU.Build.0 = Debug|Any CPU
		{888E7324-CB4A-4DD3-BBE7-B63AD574FFF3}.Release|Any CPU.ActiveCfg = Release|Any CPU
		{888E7324-CB4A-4DD3-BBE7-B63AD574FFF3}.Release|Any CPU.Build.0 = Release|Any CPU
		{E7BD82D0-4C68-4F7A-8142-77307817CA3E}.Debug|Any CPU.ActiveCfg = Debug|Any CPU
		{E7BD82D0-4C68-4F7A-8142-77307817CA3E}.Debug|Any CPU.Build.0 = Debug|Any CPU
		{E7BD82D0-4C68-4F7A-8142-77307817CA3E}.Release|Any CPU.ActiveCfg = Release|Any CPU
		{E7BD82D0-4C68-4F7A-8142-77307817CA3E}.Release|Any CPU.Build.0 = Release|Any CPU
		{C23ED5EE-EB43-4948-8012-5D455E622E1C}.Debug|Any CPU.ActiveCfg = Debug|Any CPU
		{C23ED5EE-EB43-4948-8012-5D455E622E1C}.Debug|Any CPU.Build.0 = Debug|Any CPU
		{C23ED5EE-EB43-4948-8012-5D455E622E1C}.Release|Any CPU.ActiveCfg = Release|Any CPU
		{C23ED5EE-EB43-4948-8012-5D455E622E1C}.Release|Any CPU.Build.0 = Release|Any CPU
		{1F6C86F6-3F82-4BCC-BFBA-64FB5FD882B2}.Debug|Any CPU.ActiveCfg = Debug|Any CPU
		{1F6C86F6-3F82-4BCC-BFBA-64FB5FD882B2}.Debug|Any CPU.Build.0 = Debug|Any CPU
		{1F6C86F6-3F82-4BCC-BFBA-64FB5FD882B2}.Release|Any CPU.ActiveCfg = Release|Any CPU
		{1F6C86F6-3F82-4BCC-BFBA-64FB5FD882B2}.Release|Any CPU.Build.0 = Release|Any CPU
		{935FDB2D-DAB6-473F-8CD8-3F248130FCB8}.Debug|Any CPU.ActiveCfg = Debug|Any CPU
		{935FDB2D-DAB6-473F-8CD8-3F248130FCB8}.Debug|Any CPU.Build.0 = Debug|Any CPU
		{935FDB2D-DAB6-473F-8CD8-3F248130FCB8}.Release|Any CPU.ActiveCfg = Release|Any CPU
		{935FDB2D-DAB6-473F-8CD8-3F248130FCB8}.Release|Any CPU.Build.0 = Release|Any CPU
		{04C25B2B-5B38-43ED-AD84-941EF2C85CF6}.Debug|Any CPU.ActiveCfg = Debug|Any CPU
		{04C25B2B-5B38-43ED-AD84-941EF2C85CF6}.Debug|Any CPU.Build.0 = Debug|Any CPU
		{04C25B2B-5B38-43ED-AD84-941EF2C85CF6}.Release|Any CPU.ActiveCfg = Release|Any CPU
		{04C25B2B-5B38-43ED-AD84-941EF2C85CF6}.Release|Any CPU.Build.0 = Release|Any CPU
		{2758DBDC-CC30-4DB3-A6D5-A660FD0B7692}.Debug|Any CPU.ActiveCfg = Debug|Any CPU
		{2758DBDC-CC30-4DB3-A6D5-A660FD0B7692}.Debug|Any CPU.Build.0 = Debug|Any CPU
		{2758DBDC-CC30-4DB3-A6D5-A660FD0B7692}.Release|Any CPU.ActiveCfg = Release|Any CPU
		{2758DBDC-CC30-4DB3-A6D5-A660FD0B7692}.Release|Any CPU.Build.0 = Release|Any CPU
		{3EB368A2-FD8F-487A-B349-9DCCB2430127}.Debug|Any CPU.ActiveCfg = Debug|Any CPU
		{3EB368A2-FD8F-487A-B349-9DCCB2430127}.Debug|Any CPU.Build.0 = Debug|Any CPU
		{3EB368A2-FD8F-487A-B349-9DCCB2430127}.Release|Any CPU.ActiveCfg = Release|Any CPU
		{3EB368A2-FD8F-487A-B349-9DCCB2430127}.Release|Any CPU.Build.0 = Release|Any CPU
		{6D77368D-1327-423D-B411-159450751437}.Debug|Any CPU.ActiveCfg = Debug|Any CPU
		{6D77368D-1327-423D-B411-159450751437}.Debug|Any CPU.Build.0 = Debug|Any CPU
		{6D77368D-1327-423D-B411-159450751437}.Release|Any CPU.ActiveCfg = Release|Any CPU
		{6D77368D-1327-423D-B411-159450751437}.Release|Any CPU.Build.0 = Release|Any CPU
	EndGlobalSection
	GlobalSection(SolutionProperties) = preSolution
		HideSolutionNode = FALSE
	EndGlobalSection
EndGlobal
