
Microsoft Visual Studio Solution File, Format Version 12.00
# Visual Studio 14
VisualStudioVersion = 14.0.25420.1
MinimumVisualStudioVersion = 10.0.40219.1
Project("{FAE04EC0-301F-11D3-BF4B-00C04F79EFBC}") = "01. Array Contains Element", "01. Array Contains Element\01. Array Contains Element.csproj", "{D7FE0D86-39E9-4B06-8C06-2A39CF1269E9}"
EndProject
Project("{FAE04EC0-301F-11D3-BF4B-00C04F79EFBC}") = "02. Smallest Element in Array", "02. Smallest Element in Array\02. Smallest Element in Array.csproj", "{7ADB5038-D8AF-46A0-A1FB-23ABF18C0405}"
EndProject
Project("{FAE04EC0-301F-11D3-BF4B-00C04F79EFBC}") = "03. Reverse Array In-place", "03. Reverse Array In-place\03. Reverse Array In-place.csproj", "{0F9E188D-5821-4E0C-867E-665C9B52CF03}"
EndProject
Global
	GlobalSection(SolutionConfigurationPlatforms) = preSolution
		Debug|Any CPU = Debug|Any CPU
		Release|Any CPU = Release|Any CPU
	EndGlobalSection
	GlobalSection(ProjectConfigurationPlatforms) = postSolution
		{D7FE0D86-39E9-4B06-8C06-2A39CF1269E9}.Debug|Any CPU.ActiveCfg = Debug|Any CPU
		{D7FE0D86-39E9-4B06-8C06-2A39CF1269E9}.Debug|Any CPU.Build.0 = Debug|Any CPU
		{D7FE0D86-39E9-4B06-8C06-2A39CF1269E9}.Release|Any CPU.ActiveCfg = Release|Any CPU
		{D7FE0D86-39E9-4B06-8C06-2A39CF1269E9}.Release|Any CPU.Build.0 = Release|Any CPU
		{7ADB5038-D8AF-46A0-A1FB-23ABF18C0405}.Debug|Any CPU.ActiveCfg = Debug|Any CPU
		{7ADB5038-D8AF-46A0-A1FB-23ABF18C0405}.Debug|Any CPU.Build.0 = Debug|Any CPU
		{7ADB5038-D8AF-46A0-A1FB-23ABF18C0405}.Release|Any CPU.ActiveCfg = Release|Any CPU
		{7ADB5038-D8AF-46A0-A1FB-23ABF18C0405}.Release|Any CPU.Build.0 = Release|Any CPU
		{0F9E188D-5821-4E0C-867E-665C9B52CF03}.Debug|Any CPU.ActiveCfg = Debug|Any CPU
		{0F9E188D-5821-4E0C-867E-665C9B52CF03}.Debug|Any CPU.Build.0 = Debug|Any CPU
		{0F9E188D-5821-4E0C-867E-665C9B52CF03}.Release|Any CPU.ActiveCfg = Release|Any CPU
		{0F9E188D-5821-4E0C-867E-665C9B52CF03}.Release|Any CPU.Build.0 = Release|Any CPU
	EndGlobalSection
	GlobalSection(SolutionProperties) = preSolution
		HideSolutionNode = FALSE
	EndGlobalSection
EndGlobal
