
Microsoft Visual Studio Solution File, Format Version 12.00
# Visual Studio 14
VisualStudioVersion = 14.0.25420.1
MinimumVisualStudioVersion = 10.0.40219.1
Project("{FAE04EC0-301F-11D3-BF4B-00C04F79EFBC}") = "01. Remove Elements at Odd Positions", "01. Remove Elements at Odd Positions\01. Remove Elements at Odd Positions.csproj", "{ACB80E14-172E-4CEB-A2B5-74D6708A8595}"
EndProject
Project("{FAE04EC0-301F-11D3-BF4B-00C04F79EFBC}") = "02. Track Downloader", "02. Track Downloader\02. Track Downloader.csproj", "{7FDE7C83-B8E7-4572-9F37-6A0BDFCCCEF6}"
EndProject
Project("{FAE04EC0-301F-11D3-BF4B-00C04F79EFBC}") = "03. Equal Sum After Extraction", "03. Equal Sum After Extraction\03. Equal Sum After Extraction.csproj", "{F05F836E-B5D1-4FA2-B61B-5550677AC070}"
EndProject
Project("{FAE04EC0-301F-11D3-BF4B-00C04F79EFBC}") = "04. Flip List Sides", "04. Flip List Sides\04. Flip List Sides.csproj", "{17273926-9B4A-41FA-9607-6B05F0BFE166}"
EndProject
Project("{FAE04EC0-301F-11D3-BF4B-00C04F79EFBC}") = "05. Tear List in Half", "05. Tear List in Half\05. Tear List in Half.csproj", "{FE28240E-8E62-4DB2-8D7C-36EF8EDBEC06}"
EndProject
Project("{FAE04EC0-301F-11D3-BF4B-00C04F79EFBC}") = "06. Stuck Zipper", "06. Stuck Zipper\06. Stuck Zipper.csproj", "{E6870845-9823-4376-B758-BB4D54E15FF2}"
EndProject
Global
	GlobalSection(SolutionConfigurationPlatforms) = preSolution
		Debug|Any CPU = Debug|Any CPU
		Release|Any CPU = Release|Any CPU
	EndGlobalSection
	GlobalSection(ProjectConfigurationPlatforms) = postSolution
		{ACB80E14-172E-4CEB-A2B5-74D6708A8595}.Debug|Any CPU.ActiveCfg = Debug|Any CPU
		{ACB80E14-172E-4CEB-A2B5-74D6708A8595}.Debug|Any CPU.Build.0 = Debug|Any CPU
		{ACB80E14-172E-4CEB-A2B5-74D6708A8595}.Release|Any CPU.ActiveCfg = Release|Any CPU
		{ACB80E14-172E-4CEB-A2B5-74D6708A8595}.Release|Any CPU.Build.0 = Release|Any CPU
		{7FDE7C83-B8E7-4572-9F37-6A0BDFCCCEF6}.Debug|Any CPU.ActiveCfg = Debug|Any CPU
		{7FDE7C83-B8E7-4572-9F37-6A0BDFCCCEF6}.Debug|Any CPU.Build.0 = Debug|Any CPU
		{7FDE7C83-B8E7-4572-9F37-6A0BDFCCCEF6}.Release|Any CPU.ActiveCfg = Release|Any CPU
		{7FDE7C83-B8E7-4572-9F37-6A0BDFCCCEF6}.Release|Any CPU.Build.0 = Release|Any CPU
		{F05F836E-B5D1-4FA2-B61B-5550677AC070}.Debug|Any CPU.ActiveCfg = Debug|Any CPU
		{F05F836E-B5D1-4FA2-B61B-5550677AC070}.Debug|Any CPU.Build.0 = Debug|Any CPU
		{F05F836E-B5D1-4FA2-B61B-5550677AC070}.Release|Any CPU.ActiveCfg = Release|Any CPU
		{F05F836E-B5D1-4FA2-B61B-5550677AC070}.Release|Any CPU.Build.0 = Release|Any CPU
		{17273926-9B4A-41FA-9607-6B05F0BFE166}.Debug|Any CPU.ActiveCfg = Debug|Any CPU
		{17273926-9B4A-41FA-9607-6B05F0BFE166}.Debug|Any CPU.Build.0 = Debug|Any CPU
		{17273926-9B4A-41FA-9607-6B05F0BFE166}.Release|Any CPU.ActiveCfg = Release|Any CPU
		{17273926-9B4A-41FA-9607-6B05F0BFE166}.Release|Any CPU.Build.0 = Release|Any CPU
		{FE28240E-8E62-4DB2-8D7C-36EF8EDBEC06}.Debug|Any CPU.ActiveCfg = Debug|Any CPU
		{FE28240E-8E62-4DB2-8D7C-36EF8EDBEC06}.Debug|Any CPU.Build.0 = Debug|Any CPU
		{FE28240E-8E62-4DB2-8D7C-36EF8EDBEC06}.Release|Any CPU.ActiveCfg = Release|Any CPU
		{FE28240E-8E62-4DB2-8D7C-36EF8EDBEC06}.Release|Any CPU.Build.0 = Release|Any CPU
		{E6870845-9823-4376-B758-BB4D54E15FF2}.Debug|Any CPU.ActiveCfg = Debug|Any CPU
		{E6870845-9823-4376-B758-BB4D54E15FF2}.Debug|Any CPU.Build.0 = Debug|Any CPU
		{E6870845-9823-4376-B758-BB4D54E15FF2}.Release|Any CPU.ActiveCfg = Release|Any CPU
		{E6870845-9823-4376-B758-BB4D54E15FF2}.Release|Any CPU.Build.0 = Release|Any CPU
	EndGlobalSection
	GlobalSection(SolutionProperties) = preSolution
		HideSolutionNode = FALSE
	EndGlobalSection
EndGlobal
