
Microsoft Visual Studio Solution File, Format Version 12.00
# Visual Studio 14
VisualStudioVersion = 14.0.25420.1
MinimumVisualStudioVersion = 10.0.40219.1
Project("{FAE04EC0-301F-11D3-BF4B-00C04F79EFBC}") = "Demo", "Demo\Demo.csproj", "{F5069B0C-F9E7-4916-B9A2-3B5DAC1015B9}"
EndProject
Project("{FAE04EC0-301F-11D3-BF4B-00C04F79EFBC}") = "01. Remove Negatives and Reverse", "01. Remove Negatives and Reverse\01. Remove Negatives and Reverse.csproj", "{26FED0AD-B2A2-4C0C-9F4C-7AA245662837}"
EndProject
Project("{FAE04EC0-301F-11D3-BF4B-00C04F79EFBC}") = "02. Append Lists", "02. Append Lists\02. Append Lists.csproj", "{0E052C2D-AF9C-49A0-9F03-9841A15A2281}"
EndProject
Project("{FAE04EC0-301F-11D3-BF4B-00C04F79EFBC}") = "03. Sum Adjacent Equal Numbers", "03. SumAdjacentEqualNumbers\03. Sum Adjacent Equal Numbers.csproj", "{950A7525-6EA8-486E-91CD-22FF23C9104E}"
EndProject
Project("{FAE04EC0-301F-11D3-BF4B-00C04F79EFBC}") = "04. Split by Word Casing", "04. Split by Word Casing\04. Split by Word Casing.csproj", "{021B46FB-6AA2-49A7-A3D3-B52FD1957EB1}"
EndProject
Project("{FAE04EC0-301F-11D3-BF4B-00C04F79EFBC}") = "05. Sort Numbers", "05. Sort Numbers\05. Sort Numbers.csproj", "{6387E22C-5F4A-42DA-A403-BF9C54A50170}"
EndProject
Project("{FAE04EC0-301F-11D3-BF4B-00C04F79EFBC}") = "06. Square Numbers", "06. Square Numbers\06. Square Numbers.csproj", "{D2B8BF43-AB26-4D60-9509-5B4A93E3BFC4}"
EndProject
Project("{FAE04EC0-301F-11D3-BF4B-00C04F79EFBC}") = "07. Count Numbers", "07. Count Numbers\07. Count Numbers.csproj", "{3A9C8A3A-9CF4-4B63-B7F8-DCC13CBB5996}"
EndProject
Global
	GlobalSection(SolutionConfigurationPlatforms) = preSolution
		Debug|Any CPU = Debug|Any CPU
		Release|Any CPU = Release|Any CPU
	EndGlobalSection
	GlobalSection(ProjectConfigurationPlatforms) = postSolution
		{F5069B0C-F9E7-4916-B9A2-3B5DAC1015B9}.Debug|Any CPU.ActiveCfg = Debug|Any CPU
		{F5069B0C-F9E7-4916-B9A2-3B5DAC1015B9}.Debug|Any CPU.Build.0 = Debug|Any CPU
		{F5069B0C-F9E7-4916-B9A2-3B5DAC1015B9}.Release|Any CPU.ActiveCfg = Release|Any CPU
		{F5069B0C-F9E7-4916-B9A2-3B5DAC1015B9}.Release|Any CPU.Build.0 = Release|Any CPU
		{26FED0AD-B2A2-4C0C-9F4C-7AA245662837}.Debug|Any CPU.ActiveCfg = Debug|Any CPU
		{26FED0AD-B2A2-4C0C-9F4C-7AA245662837}.Debug|Any CPU.Build.0 = Debug|Any CPU
		{26FED0AD-B2A2-4C0C-9F4C-7AA245662837}.Release|Any CPU.ActiveCfg = Release|Any CPU
		{26FED0AD-B2A2-4C0C-9F4C-7AA245662837}.Release|Any CPU.Build.0 = Release|Any CPU
		{0E052C2D-AF9C-49A0-9F03-9841A15A2281}.Debug|Any CPU.ActiveCfg = Debug|Any CPU
		{0E052C2D-AF9C-49A0-9F03-9841A15A2281}.Debug|Any CPU.Build.0 = Debug|Any CPU
		{0E052C2D-AF9C-49A0-9F03-9841A15A2281}.Release|Any CPU.ActiveCfg = Release|Any CPU
		{0E052C2D-AF9C-49A0-9F03-9841A15A2281}.Release|Any CPU.Build.0 = Release|Any CPU
		{950A7525-6EA8-486E-91CD-22FF23C9104E}.Debug|Any CPU.ActiveCfg = Debug|Any CPU
		{950A7525-6EA8-486E-91CD-22FF23C9104E}.Debug|Any CPU.Build.0 = Debug|Any CPU
		{950A7525-6EA8-486E-91CD-22FF23C9104E}.Release|Any CPU.ActiveCfg = Release|Any CPU
		{950A7525-6EA8-486E-91CD-22FF23C9104E}.Release|Any CPU.Build.0 = Release|Any CPU
		{021B46FB-6AA2-49A7-A3D3-B52FD1957EB1}.Debug|Any CPU.ActiveCfg = Debug|Any CPU
		{021B46FB-6AA2-49A7-A3D3-B52FD1957EB1}.Debug|Any CPU.Build.0 = Debug|Any CPU
		{021B46FB-6AA2-49A7-A3D3-B52FD1957EB1}.Release|Any CPU.ActiveCfg = Release|Any CPU
		{021B46FB-6AA2-49A7-A3D3-B52FD1957EB1}.Release|Any CPU.Build.0 = Release|Any CPU
		{6387E22C-5F4A-42DA-A403-BF9C54A50170}.Debug|Any CPU.ActiveCfg = Debug|Any CPU
		{6387E22C-5F4A-42DA-A403-BF9C54A50170}.Debug|Any CPU.Build.0 = Debug|Any CPU
		{6387E22C-5F4A-42DA-A403-BF9C54A50170}.Release|Any CPU.ActiveCfg = Release|Any CPU
		{6387E22C-5F4A-42DA-A403-BF9C54A50170}.Release|Any CPU.Build.0 = Release|Any CPU
		{D2B8BF43-AB26-4D60-9509-5B4A93E3BFC4}.Debug|Any CPU.ActiveCfg = Debug|Any CPU
		{D2B8BF43-AB26-4D60-9509-5B4A93E3BFC4}.Debug|Any CPU.Build.0 = Debug|Any CPU
		{D2B8BF43-AB26-4D60-9509-5B4A93E3BFC4}.Release|Any CPU.ActiveCfg = Release|Any CPU
		{D2B8BF43-AB26-4D60-9509-5B4A93E3BFC4}.Release|Any CPU.Build.0 = Release|Any CPU
		{3A9C8A3A-9CF4-4B63-B7F8-DCC13CBB5996}.Debug|Any CPU.ActiveCfg = Debug|Any CPU
		{3A9C8A3A-9CF4-4B63-B7F8-DCC13CBB5996}.Debug|Any CPU.Build.0 = Debug|Any CPU
		{3A9C8A3A-9CF4-4B63-B7F8-DCC13CBB5996}.Release|Any CPU.ActiveCfg = Release|Any CPU
		{3A9C8A3A-9CF4-4B63-B7F8-DCC13CBB5996}.Release|Any CPU.Build.0 = Release|Any CPU
	EndGlobalSection
	GlobalSection(SolutionProperties) = preSolution
		HideSolutionNode = FALSE
	EndGlobalSection
EndGlobal
