
Microsoft Visual Studio Solution File, Format Version 12.00
# Visual Studio 14
VisualStudioVersion = 14.0.25420.1
MinimumVisualStudioVersion = 10.0.40219.1
Project("{FAE04EC0-301F-11D3-BF4B-00C04F79EFBC}") = "01. Last 3 Consecutive Equal Strings", "01. Last 3 Consecutive Equal Strings\01. Last 3 Consecutive Equal Strings.csproj", "{0737F423-5068-4798-BA97-DE7F35BFB786}"
EndProject
Project("{FAE04EC0-301F-11D3-BF4B-00C04F79EFBC}") = "02. Array Elements Equal to Their Index", "02. Array Elements Equal to Their Index\02. Array Elements Equal to Their Index.csproj", "{56C51A34-2508-42B5-8585-B0336024BAE8}"
EndProject
Project("{FAE04EC0-301F-11D3-BF4B-00C04F79EFBC}") = "03. Phonebook", "03. Phonebook\03. Phonebook.csproj", "{433D2FBB-54E2-4D37-AEB6-DC1470A4EE36}"
EndProject
Global
	GlobalSection(SolutionConfigurationPlatforms) = preSolution
		Debug|Any CPU = Debug|Any CPU
		Release|Any CPU = Release|Any CPU
	EndGlobalSection
	GlobalSection(ProjectConfigurationPlatforms) = postSolution
		{0737F423-5068-4798-BA97-DE7F35BFB786}.Debug|Any CPU.ActiveCfg = Debug|Any CPU
		{0737F423-5068-4798-BA97-DE7F35BFB786}.Debug|Any CPU.Build.0 = Debug|Any CPU
		{0737F423-5068-4798-BA97-DE7F35BFB786}.Release|Any CPU.ActiveCfg = Release|Any CPU
		{0737F423-5068-4798-BA97-DE7F35BFB786}.Release|Any CPU.Build.0 = Release|Any CPU
		{56C51A34-2508-42B5-8585-B0336024BAE8}.Debug|Any CPU.ActiveCfg = Debug|Any CPU
		{56C51A34-2508-42B5-8585-B0336024BAE8}.Debug|Any CPU.Build.0 = Debug|Any CPU
		{56C51A34-2508-42B5-8585-B0336024BAE8}.Release|Any CPU.ActiveCfg = Release|Any CPU
		{56C51A34-2508-42B5-8585-B0336024BAE8}.Release|Any CPU.Build.0 = Release|Any CPU
		{433D2FBB-54E2-4D37-AEB6-DC1470A4EE36}.Debug|Any CPU.ActiveCfg = Debug|Any CPU
		{433D2FBB-54E2-4D37-AEB6-DC1470A4EE36}.Debug|Any CPU.Build.0 = Debug|Any CPU
		{433D2FBB-54E2-4D37-AEB6-DC1470A4EE36}.Release|Any CPU.ActiveCfg = Release|Any CPU
		{433D2FBB-54E2-4D37-AEB6-DC1470A4EE36}.Release|Any CPU.Build.0 = Release|Any CPU
	EndGlobalSection
	GlobalSection(SolutionProperties) = preSolution
		HideSolutionNode = FALSE
	EndGlobalSection
EndGlobal
