
Microsoft Visual Studio Solution File, Format Version 12.00
# Visual Studio 14
VisualStudioVersion = 14.0.25420.1
MinimumVisualStudioVersion = 10.0.40219.1
Project("{FAE04EC0-301F-11D3-BF4B-00C04F79EFBC}") = "Demo", "Demo\Demo.csproj", "{1C89FBDF-06EE-4F1E-917A-8ECCAE6DC3EF}"
EndProject
Project("{FAE04EC0-301F-11D3-BF4B-00C04F79EFBC}") = "01. Average Student Grades", "01. Average Student Grades\01. Average Student Grades.csproj", "{81BB5C67-30B5-4D2E-AC20-B94B71DE16B7}"
EndProject
Project("{FAE04EC0-301F-11D3-BF4B-00C04F79EFBC}") = "02. Cities by Continent and Country", "02. Cities by Continent and Country\02. Cities by Continent and Country.csproj", "{6D6EC1D1-B51B-4217-812B-206DCFEF4C3D}"
EndProject
Project("{FAE04EC0-301F-11D3-BF4B-00C04F79EFBC}") = "03. Record Unique Names", "03. Record Unique Names\03. Record Unique Names.csproj", "{A6444D8D-8F8D-47C8-982A-A387145A7519}"
EndProject
Project("{FAE04EC0-301F-11D3-BF4B-00C04F79EFBC}") = "04. Group Continents, Countries and Cities", "04. Group Continents, Countries and Cities\04. Group Continents, Countries and Cities.csproj", "{165758D4-829B-48C3-95DA-C4E845FB99EE}"
EndProject
Global
	GlobalSection(SolutionConfigurationPlatforms) = preSolution
		Debug|Any CPU = Debug|Any CPU
		Release|Any CPU = Release|Any CPU
	EndGlobalSection
	GlobalSection(ProjectConfigurationPlatforms) = postSolution
		{1C89FBDF-06EE-4F1E-917A-8ECCAE6DC3EF}.Debug|Any CPU.ActiveCfg = Debug|Any CPU
		{1C89FBDF-06EE-4F1E-917A-8ECCAE6DC3EF}.Debug|Any CPU.Build.0 = Debug|Any CPU
		{1C89FBDF-06EE-4F1E-917A-8ECCAE6DC3EF}.Release|Any CPU.ActiveCfg = Release|Any CPU
		{1C89FBDF-06EE-4F1E-917A-8ECCAE6DC3EF}.Release|Any CPU.Build.0 = Release|Any CPU
		{81BB5C67-30B5-4D2E-AC20-B94B71DE16B7}.Debug|Any CPU.ActiveCfg = Debug|Any CPU
		{81BB5C67-30B5-4D2E-AC20-B94B71DE16B7}.Debug|Any CPU.Build.0 = Debug|Any CPU
		{81BB5C67-30B5-4D2E-AC20-B94B71DE16B7}.Release|Any CPU.ActiveCfg = Release|Any CPU
		{81BB5C67-30B5-4D2E-AC20-B94B71DE16B7}.Release|Any CPU.Build.0 = Release|Any CPU
		{6D6EC1D1-B51B-4217-812B-206DCFEF4C3D}.Debug|Any CPU.ActiveCfg = Debug|Any CPU
		{6D6EC1D1-B51B-4217-812B-206DCFEF4C3D}.Debug|Any CPU.Build.0 = Debug|Any CPU
		{6D6EC1D1-B51B-4217-812B-206DCFEF4C3D}.Release|Any CPU.ActiveCfg = Release|Any CPU
		{6D6EC1D1-B51B-4217-812B-206DCFEF4C3D}.Release|Any CPU.Build.0 = Release|Any CPU
		{A6444D8D-8F8D-47C8-982A-A387145A7519}.Debug|Any CPU.ActiveCfg = Debug|Any CPU
		{A6444D8D-8F8D-47C8-982A-A387145A7519}.Debug|Any CPU.Build.0 = Debug|Any CPU
		{A6444D8D-8F8D-47C8-982A-A387145A7519}.Release|Any CPU.ActiveCfg = Release|Any CPU
		{A6444D8D-8F8D-47C8-982A-A387145A7519}.Release|Any CPU.Build.0 = Release|Any CPU
		{165758D4-829B-48C3-95DA-C4E845FB99EE}.Debug|Any CPU.ActiveCfg = Debug|Any CPU
		{165758D4-829B-48C3-95DA-C4E845FB99EE}.Debug|Any CPU.Build.0 = Debug|Any CPU
		{165758D4-829B-48C3-95DA-C4E845FB99EE}.Release|Any CPU.ActiveCfg = Release|Any CPU
		{165758D4-829B-48C3-95DA-C4E845FB99EE}.Release|Any CPU.Build.0 = Release|Any CPU
	EndGlobalSection
	GlobalSection(SolutionProperties) = preSolution
		HideSolutionNode = FALSE
	EndGlobalSection
EndGlobal
