
Microsoft Visual Studio Solution File, Format Version 12.00
# Visual Studio 14
VisualStudioVersion = 14.0.25420.1
MinimumVisualStudioVersion = 10.0.40219.1
Project("{FAE04EC0-301F-11D3-BF4B-00C04F79EFBC}") = "Demo", "Demo\Demo.csproj", "{87D27819-8559-4492-B37A-4C37850197B9}"
EndProject
Project("{FAE04EC0-301F-11D3-BF4B-00C04F79EFBC}") = "01. Sum Array Elements", "01. Sum Array Elements\01. Sum Array Elements.csproj", "{EB726DBB-E017-4F8D-BC5B-AC89BC53401C}"
EndProject
Project("{FAE04EC0-301F-11D3-BF4B-00C04F79EFBC}") = "02. Multiply an Array of Doubles", "02. Multiply an Array of Doubles\02. Multiply an Array of Doubles.csproj", "{E1D67B7A-B82B-40F1-93D7-2FFC65590B09}"
EndProject
Project("{FAE04EC0-301F-11D3-BF4B-00C04F79EFBC}") = "03. Smallest Element in Array", "03. Smallest Element in Array\03. Smallest Element in Array.csproj", "{A1C7E9D6-55D2-4070-A7DF-B820702563B7}"
EndProject
Project("{FAE04EC0-301F-11D3-BF4B-00C04F79EFBC}") = "04. Rotate Array of Strings", "04. Rotate Array of Strings\04. Rotate Array of Strings.csproj", "{1E7C67D3-8A1C-48D7-A9DA-41F19FB9C7BE}"
EndProject
Project("{FAE04EC0-301F-11D3-BF4B-00C04F79EFBC}") = "05. Count of Odd Numbers in Array", "05. Count of Odd Numbers in Array\05. Count of Odd Numbers in Array.csproj", "{66EC5A17-23F3-47F9-AAB1-5D5E110E8D9B}"
EndProject
Project("{FAE04EC0-301F-11D3-BF4B-00C04F79EFBC}") = "06. Odd Numbers at Odd Positions", "06. Odd Numbers at Odd Positions\06. Odd Numbers at Odd Positions.csproj", "{9EA2FC66-F01C-491F-95CB-E1017C1EB26C}"
EndProject
Global
	GlobalSection(SolutionConfigurationPlatforms) = preSolution
		Debug|Any CPU = Debug|Any CPU
		Release|Any CPU = Release|Any CPU
	EndGlobalSection
	GlobalSection(ProjectConfigurationPlatforms) = postSolution
		{87D27819-8559-4492-B37A-4C37850197B9}.Debug|Any CPU.ActiveCfg = Debug|Any CPU
		{87D27819-8559-4492-B37A-4C37850197B9}.Debug|Any CPU.Build.0 = Debug|Any CPU
		{87D27819-8559-4492-B37A-4C37850197B9}.Release|Any CPU.ActiveCfg = Release|Any CPU
		{87D27819-8559-4492-B37A-4C37850197B9}.Release|Any CPU.Build.0 = Release|Any CPU
		{EB726DBB-E017-4F8D-BC5B-AC89BC53401C}.Debug|Any CPU.ActiveCfg = Debug|Any CPU
		{EB726DBB-E017-4F8D-BC5B-AC89BC53401C}.Debug|Any CPU.Build.0 = Debug|Any CPU
		{EB726DBB-E017-4F8D-BC5B-AC89BC53401C}.Release|Any CPU.ActiveCfg = Release|Any CPU
		{EB726DBB-E017-4F8D-BC5B-AC89BC53401C}.Release|Any CPU.Build.0 = Release|Any CPU
		{E1D67B7A-B82B-40F1-93D7-2FFC65590B09}.Debug|Any CPU.ActiveCfg = Debug|Any CPU
		{E1D67B7A-B82B-40F1-93D7-2FFC65590B09}.Debug|Any CPU.Build.0 = Debug|Any CPU
		{E1D67B7A-B82B-40F1-93D7-2FFC65590B09}.Release|Any CPU.ActiveCfg = Release|Any CPU
		{E1D67B7A-B82B-40F1-93D7-2FFC65590B09}.Release|Any CPU.Build.0 = Release|Any CPU
		{A1C7E9D6-55D2-4070-A7DF-B820702563B7}.Debug|Any CPU.ActiveCfg = Debug|Any CPU
		{A1C7E9D6-55D2-4070-A7DF-B820702563B7}.Debug|Any CPU.Build.0 = Debug|Any CPU
		{A1C7E9D6-55D2-4070-A7DF-B820702563B7}.Release|Any CPU.ActiveCfg = Release|Any CPU
		{A1C7E9D6-55D2-4070-A7DF-B820702563B7}.Release|Any CPU.Build.0 = Release|Any CPU
		{1E7C67D3-8A1C-48D7-A9DA-41F19FB9C7BE}.Debug|Any CPU.ActiveCfg = Debug|Any CPU
		{1E7C67D3-8A1C-48D7-A9DA-41F19FB9C7BE}.Debug|Any CPU.Build.0 = Debug|Any CPU
		{1E7C67D3-8A1C-48D7-A9DA-41F19FB9C7BE}.Release|Any CPU.ActiveCfg = Release|Any CPU
		{1E7C67D3-8A1C-48D7-A9DA-41F19FB9C7BE}.Release|Any CPU.Build.0 = Release|Any CPU
		{66EC5A17-23F3-47F9-AAB1-5D5E110E8D9B}.Debug|Any CPU.ActiveCfg = Debug|Any CPU
		{66EC5A17-23F3-47F9-AAB1-5D5E110E8D9B}.Debug|Any CPU.Build.0 = Debug|Any CPU
		{66EC5A17-23F3-47F9-AAB1-5D5E110E8D9B}.Release|Any CPU.ActiveCfg = Release|Any CPU
		{66EC5A17-23F3-47F9-AAB1-5D5E110E8D9B}.Release|Any CPU.Build.0 = Release|Any CPU
		{9EA2FC66-F01C-491F-95CB-E1017C1EB26C}.Debug|Any CPU.ActiveCfg = Debug|Any CPU
		{9EA2FC66-F01C-491F-95CB-E1017C1EB26C}.Debug|Any CPU.Build.0 = Debug|Any CPU
		{9EA2FC66-F01C-491F-95CB-E1017C1EB26C}.Release|Any CPU.ActiveCfg = Release|Any CPU
		{9EA2FC66-F01C-491F-95CB-E1017C1EB26C}.Release|Any CPU.Build.0 = Release|Any CPU
	EndGlobalSection
	GlobalSection(SolutionProperties) = preSolution
		HideSolutionNode = FALSE
	EndGlobalSection
EndGlobal
