
Microsoft Visual Studio Solution File, Format Version 12.00
# Visual Studio 15
VisualStudioVersion = 15.0.26430.13
MinimumVisualStudioVersion = 10.0.40219.1
Project("{FAE04EC0-301F-11D3-BF4B-00C04F79EFBC}") = "01. Exercises", "01. Exercises\01. Exercises.csproj", "{4279B15C-FDFC-4D9F-94F7-5C732E3E2B2B}"
EndProject
Project("{FAE04EC0-301F-11D3-BF4B-00C04F79EFBC}") = "02. Optimized Banking System", "02. Optimized Banking System\02. Optimized Banking System.csproj", "{2E1F6D72-CC05-4E16-8484-0FEA0B8A516F}"
EndProject
Project("{FAE04EC0-301F-11D3-BF4B-00C04F79EFBC}") = "03. Animals", "03. Animals\03. Animals.csproj", "{CF484D51-5C9D-4729-9311-A240DAFC47F8}"
EndProject
Global
	GlobalSection(SolutionConfigurationPlatforms) = preSolution
		Debug|Any CPU = Debug|Any CPU
		Release|Any CPU = Release|Any CPU
	EndGlobalSection
	GlobalSection(ProjectConfigurationPlatforms) = postSolution
		{4279B15C-FDFC-4D9F-94F7-5C732E3E2B2B}.Debug|Any CPU.ActiveCfg = Debug|Any CPU
		{4279B15C-FDFC-4D9F-94F7-5C732E3E2B2B}.Debug|Any CPU.Build.0 = Debug|Any CPU
		{4279B15C-FDFC-4D9F-94F7-5C732E3E2B2B}.Release|Any CPU.ActiveCfg = Release|Any CPU
		{4279B15C-FDFC-4D9F-94F7-5C732E3E2B2B}.Release|Any CPU.Build.0 = Release|Any CPU
		{2E1F6D72-CC05-4E16-8484-0FEA0B8A516F}.Debug|Any CPU.ActiveCfg = Debug|Any CPU
		{2E1F6D72-CC05-4E16-8484-0FEA0B8A516F}.Debug|Any CPU.Build.0 = Debug|Any CPU
		{2E1F6D72-CC05-4E16-8484-0FEA0B8A516F}.Release|Any CPU.ActiveCfg = Release|Any CPU
		{2E1F6D72-CC05-4E16-8484-0FEA0B8A516F}.Release|Any CPU.Build.0 = Release|Any CPU
		{CF484D51-5C9D-4729-9311-A240DAFC47F8}.Debug|Any CPU.ActiveCfg = Debug|Any CPU
		{CF484D51-5C9D-4729-9311-A240DAFC47F8}.Debug|Any CPU.Build.0 = Debug|Any CPU
		{CF484D51-5C9D-4729-9311-A240DAFC47F8}.Release|Any CPU.ActiveCfg = Release|Any CPU
		{CF484D51-5C9D-4729-9311-A240DAFC47F8}.Release|Any CPU.Build.0 = Release|Any CPU
	EndGlobalSection
	GlobalSection(SolutionProperties) = preSolution
		HideSolutionNode = FALSE
	EndGlobalSection
EndGlobal
