
Microsoft Visual Studio Solution File, Format Version 12.00
# Visual Studio 14
VisualStudioVersion = 14.0.25420.1
MinimumVisualStudioVersion = 10.0.40219.1
Project("{FAE04EC0-301F-11D3-BF4B-00C04F79EFBC}") = "01. Largest Element in Array", "01. Largest Element in Array\01. Largest Element in Array.csproj", "{8983AE7B-51C5-453D-A491-4A820AAE9DA5}"
EndProject
Project("{FAE04EC0-301F-11D3-BF4B-00C04F79EFBC}") = "02. Count of Negative Elements in Array", "02. Count of Negative Elements in Array\02. Count of Negative Elements in Array.csproj", "{5B82FAE6-0E03-4BD7-92CE-755C28CD6C17}"
EndProject
Project("{FAE04EC0-301F-11D3-BF4B-00C04F79EFBC}") = "03. Count of Given Element in Array", "03. Count of Given Element in Array\03. Count of Given Element in Array.csproj", "{70F24ACE-8812-4CEB-B3E5-E414B46E8161}"
EndProject
Project("{FAE04EC0-301F-11D3-BF4B-00C04F79EFBC}") = "04. Count Occurrences of Larger Numbers in Array", "04. Count Occurrences of Larger Numbers in Array\04. Count Occurrences of Larger Numbers in Array.csproj", "{B37EE3B6-8759-49E1-AC36-E380DEB61356}"
EndProject
Global
	GlobalSection(SolutionConfigurationPlatforms) = preSolution
		Debug|Any CPU = Debug|Any CPU
		Release|Any CPU = Release|Any CPU
	EndGlobalSection
	GlobalSection(ProjectConfigurationPlatforms) = postSolution
		{8983AE7B-51C5-453D-A491-4A820AAE9DA5}.Debug|Any CPU.ActiveCfg = Debug|Any CPU
		{8983AE7B-51C5-453D-A491-4A820AAE9DA5}.Debug|Any CPU.Build.0 = Debug|Any CPU
		{8983AE7B-51C5-453D-A491-4A820AAE9DA5}.Release|Any CPU.ActiveCfg = Release|Any CPU
		{8983AE7B-51C5-453D-A491-4A820AAE9DA5}.Release|Any CPU.Build.0 = Release|Any CPU
		{5B82FAE6-0E03-4BD7-92CE-755C28CD6C17}.Debug|Any CPU.ActiveCfg = Debug|Any CPU
		{5B82FAE6-0E03-4BD7-92CE-755C28CD6C17}.Debug|Any CPU.Build.0 = Debug|Any CPU
		{5B82FAE6-0E03-4BD7-92CE-755C28CD6C17}.Release|Any CPU.ActiveCfg = Release|Any CPU
		{5B82FAE6-0E03-4BD7-92CE-755C28CD6C17}.Release|Any CPU.Build.0 = Release|Any CPU
		{70F24ACE-8812-4CEB-B3E5-E414B46E8161}.Debug|Any CPU.ActiveCfg = Debug|Any CPU
		{70F24ACE-8812-4CEB-B3E5-E414B46E8161}.Debug|Any CPU.Build.0 = Debug|Any CPU
		{70F24ACE-8812-4CEB-B3E5-E414B46E8161}.Release|Any CPU.ActiveCfg = Release|Any CPU
		{70F24ACE-8812-4CEB-B3E5-E414B46E8161}.Release|Any CPU.Build.0 = Release|Any CPU
		{B37EE3B6-8759-49E1-AC36-E380DEB61356}.Debug|Any CPU.ActiveCfg = Debug|Any CPU
		{B37EE3B6-8759-49E1-AC36-E380DEB61356}.Debug|Any CPU.Build.0 = Debug|Any CPU
		{B37EE3B6-8759-49E1-AC36-E380DEB61356}.Release|Any CPU.ActiveCfg = Release|Any CPU
		{B37EE3B6-8759-49E1-AC36-E380DEB61356}.Release|Any CPU.Build.0 = Release|Any CPU
	EndGlobalSection
	GlobalSection(SolutionProperties) = preSolution
		HideSolutionNode = FALSE
	EndGlobalSection
EndGlobal
