
Microsoft Visual Studio Solution File, Format Version 12.00
# Visual Studio 14
VisualStudioVersion = 14.0.25420.1
MinimumVisualStudioVersion = 10.0.40219.1
Project("{FAE04EC0-301F-11D3-BF4B-00C04F79EFBC}") = "01. Largest Element in Array", "01. Largest Element in Array\01. Largest Element in Array.csproj", "{8983AE7B-51C5-453D-A491-4A820AAE9DA5}"
EndProject
Project("{FAE04EC0-301F-11D3-BF4B-00C04F79EFBC}") = "02. Count of Negative Elements in Array", "02. Count of Negative Elements in Array\02. Count of Negative Elements in Array.csproj", "{5B82FAE6-0E03-4BD7-92CE-755C28CD6C17}"
EndProject
Project("{FAE04EC0-301F-11D3-BF4B-00C04F79EFBC}") = "03. Count of Given Element in Array", "03. Count of Given Element in Array\03. Count of Given Element in Array.csproj", "{70F24ACE-8812-4CEB-B3E5-E414B46E8161}"
EndProject
Project("{FAE04EC0-301F-11D3-BF4B-00C04F79EFBC}") = "04. Count Occurrences of Larger Numbers in Array", "04. Count Occurrences of Larger Numbers in Array\04. Count Occurrences of Larger Numbers in Array.csproj", "{B37EE3B6-8759-49E1-AC36-E380DEB61356}"
EndProject
Project("{FAE04EC0-301F-11D3-BF4B-00C04F79EFBC}") = "05. Increasing Sequence of Elements", "05. Increasing Sequence of Elements\05. Increasing Sequence of Elements.csproj", "{21A2EE48-258A-4F9B-B6EA-4C4E882026B9}"
EndProject
Project("{FAE04EC0-301F-11D3-BF4B-00C04F79EFBC}") = "06. Equal Sequence of Elements in Array", "06. Equal Sequence of Elements in Array\06. Equal Sequence of Elements in Array.csproj", "{410D16A8-6D6F-43C9-90D0-E2952E06E3F5}"
EndProject
Project("{FAE04EC0-301F-11D3-BF4B-00C04F79EFBC}") = "07. Count of Capital Letters in Array", "07. Count of Capital Letters in Array\07. Count of Capital Letters in Array.csproj", "{84EB59C0-CF70-4617-86E0-872444A35E08}"
EndProject
Project("{FAE04EC0-301F-11D3-BF4B-00C04F79EFBC}") = "08. Array Symmetry", "08. Array Symmetry\08. Array Symmetry.csproj", "{41463158-3EF8-4018-A837-39C902A1BC41}"
EndProject
Project("{FAE04EC0-301F-11D3-BF4B-00C04F79EFBC}") = "09. Altitude", "09. Altitude\09. Altitude.csproj", "{7C95D175-9EE2-43EB-BC01-4F452F123049}"
EndProject
Project("{FAE04EC0-301F-11D3-BF4B-00C04F79EFBC}") = "10. Ballistics Training", "10. Ballistics Training\10. Ballistics Training.csproj", "{1D2BCF7A-C12E-45D1-98E4-7B0063109497}"
EndProject
Global
	GlobalSection(SolutionConfigurationPlatforms) = preSolution
		Debug|Any CPU = Debug|Any CPU
		Release|Any CPU = Release|Any CPU
	EndGlobalSection
	GlobalSection(ProjectConfigurationPlatforms) = postSolution
		{8983AE7B-51C5-453D-A491-4A820AAE9DA5}.Debug|Any CPU.ActiveCfg = Debug|Any CPU
		{8983AE7B-51C5-453D-A491-4A820AAE9DA5}.Debug|Any CPU.Build.0 = Debug|Any CPU
		{8983AE7B-51C5-453D-A491-4A820AAE9DA5}.Release|Any CPU.ActiveCfg = Release|Any CPU
		{8983AE7B-51C5-453D-A491-4A820AAE9DA5}.Release|Any CPU.Build.0 = Release|Any CPU
		{5B82FAE6-0E03-4BD7-92CE-755C28CD6C17}.Debug|Any CPU.ActiveCfg = Debug|Any CPU
		{5B82FAE6-0E03-4BD7-92CE-755C28CD6C17}.Debug|Any CPU.Build.0 = Debug|Any CPU
		{5B82FAE6-0E03-4BD7-92CE-755C28CD6C17}.Release|Any CPU.ActiveCfg = Release|Any CPU
		{5B82FAE6-0E03-4BD7-92CE-755C28CD6C17}.Release|Any CPU.Build.0 = Release|Any CPU
		{70F24ACE-8812-4CEB-B3E5-E414B46E8161}.Debug|Any CPU.ActiveCfg = Debug|Any CPU
		{70F24ACE-8812-4CEB-B3E5-E414B46E8161}.Debug|Any CPU.Build.0 = Debug|Any CPU
		{70F24ACE-8812-4CEB-B3E5-E414B46E8161}.Release|Any CPU.ActiveCfg = Release|Any CPU
		{70F24ACE-8812-4CEB-B3E5-E414B46E8161}.Release|Any CPU.Build.0 = Release|Any CPU
		{B37EE3B6-8759-49E1-AC36-E380DEB61356}.Debug|Any CPU.ActiveCfg = Debug|Any CPU
		{B37EE3B6-8759-49E1-AC36-E380DEB61356}.Debug|Any CPU.Build.0 = Debug|Any CPU
		{B37EE3B6-8759-49E1-AC36-E380DEB61356}.Release|Any CPU.ActiveCfg = Release|Any CPU
		{B37EE3B6-8759-49E1-AC36-E380DEB61356}.Release|Any CPU.Build.0 = Release|Any CPU
		{21A2EE48-258A-4F9B-B6EA-4C4E882026B9}.Debug|Any CPU.ActiveCfg = Debug|Any CPU
		{21A2EE48-258A-4F9B-B6EA-4C4E882026B9}.Debug|Any CPU.Build.0 = Debug|Any CPU
		{21A2EE48-258A-4F9B-B6EA-4C4E882026B9}.Release|Any CPU.ActiveCfg = Release|Any CPU
		{21A2EE48-258A-4F9B-B6EA-4C4E882026B9}.Release|Any CPU.Build.0 = Release|Any CPU
		{410D16A8-6D6F-43C9-90D0-E2952E06E3F5}.Debug|Any CPU.ActiveCfg = Debug|Any CPU
		{410D16A8-6D6F-43C9-90D0-E2952E06E3F5}.Debug|Any CPU.Build.0 = Debug|Any CPU
		{410D16A8-6D6F-43C9-90D0-E2952E06E3F5}.Release|Any CPU.ActiveCfg = Release|Any CPU
		{410D16A8-6D6F-43C9-90D0-E2952E06E3F5}.Release|Any CPU.Build.0 = Release|Any CPU
		{84EB59C0-CF70-4617-86E0-872444A35E08}.Debug|Any CPU.ActiveCfg = Debug|Any CPU
		{84EB59C0-CF70-4617-86E0-872444A35E08}.Debug|Any CPU.Build.0 = Debug|Any CPU
		{84EB59C0-CF70-4617-86E0-872444A35E08}.Release|Any CPU.ActiveCfg = Release|Any CPU
		{84EB59C0-CF70-4617-86E0-872444A35E08}.Release|Any CPU.Build.0 = Release|Any CPU
		{41463158-3EF8-4018-A837-39C902A1BC41}.Debug|Any CPU.ActiveCfg = Debug|Any CPU
		{41463158-3EF8-4018-A837-39C902A1BC41}.Debug|Any CPU.Build.0 = Debug|Any CPU
		{41463158-3EF8-4018-A837-39C902A1BC41}.Release|Any CPU.ActiveCfg = Release|Any CPU
		{41463158-3EF8-4018-A837-39C902A1BC41}.Release|Any CPU.Build.0 = Release|Any CPU
		{7C95D175-9EE2-43EB-BC01-4F452F123049}.Debug|Any CPU.ActiveCfg = Debug|Any CPU
		{7C95D175-9EE2-43EB-BC01-4F452F123049}.Debug|Any CPU.Build.0 = Debug|Any CPU
		{7C95D175-9EE2-43EB-BC01-4F452F123049}.Release|Any CPU.ActiveCfg = Release|Any CPU
		{7C95D175-9EE2-43EB-BC01-4F452F123049}.Release|Any CPU.Build.0 = Release|Any CPU
		{1D2BCF7A-C12E-45D1-98E4-7B0063109497}.Debug|Any CPU.ActiveCfg = Debug|Any CPU
		{1D2BCF7A-C12E-45D1-98E4-7B0063109497}.Debug|Any CPU.Build.0 = Debug|Any CPU
		{1D2BCF7A-C12E-45D1-98E4-7B0063109497}.Release|Any CPU.ActiveCfg = Release|Any CPU
		{1D2BCF7A-C12E-45D1-98E4-7B0063109497}.Release|Any CPU.Build.0 = Release|Any CPU
	EndGlobalSection
	GlobalSection(SolutionProperties) = preSolution
		HideSolutionNode = FALSE
	EndGlobalSection
EndGlobal
