
Microsoft Visual Studio Solution File, Format Version 12.00
# Visual Studio 14
VisualStudioVersion = 14.0.25420.1
MinimumVisualStudioVersion = 10.0.40219.1
Project("{FAE04EC0-301F-11D3-BF4B-00C04F79EFBC}") = "01. Rabbit Hole", "01. Rabbit Hole\01. Rabbit Hole.csproj", "{667FA2F4-F893-48F9-8892-C86158FC1185}"
EndProject
Project("{FAE04EC0-301F-11D3-BF4B-00C04F79EFBC}") = "02. Japanese Roulette", "02. Japanese Roulette\02. Japanese Roulette.csproj", "{9B2E8883-B4A5-4107-BF38-15A067CA5B85}"
EndProject
Project("{FAE04EC0-301F-11D3-BF4B-00C04F79EFBC}") = "03. Increasing Crisis", "03. Increasing Crisis\03. Increasing Crisis.csproj", "{0D50C51B-6500-4C28-AF52-4012649A69BD}"
EndProject
Project("{FAE04EC0-301F-11D3-BF4B-00C04F79EFBC}") = "Increasing Crisis", "Increasing Crisis\Increasing Crisis.csproj", "{BEA3E8C2-B3CA-4F5C-B911-D8A9808EC648}"
EndProject
Project("{FAE04EC0-301F-11D3-BF4B-00C04F79EFBC}") = "04. Extremums", "04. Extremums\04. Extremums.csproj", "{E2A72B48-2409-4B2E-9994-52AEF6651679}"
EndProject
Project("{FAE04EC0-301F-11D3-BF4B-00C04F79EFBC}") = "Extremums", "Extremums\Extremums.csproj", "{02E81DF2-3DE1-48C8-B8BC-64AC5030BC2F}"
EndProject
Global
	GlobalSection(SolutionConfigurationPlatforms) = preSolution
		Debug|Any CPU = Debug|Any CPU
		Release|Any CPU = Release|Any CPU
	EndGlobalSection
	GlobalSection(ProjectConfigurationPlatforms) = postSolution
		{667FA2F4-F893-48F9-8892-C86158FC1185}.Debug|Any CPU.ActiveCfg = Debug|Any CPU
		{667FA2F4-F893-48F9-8892-C86158FC1185}.Debug|Any CPU.Build.0 = Debug|Any CPU
		{667FA2F4-F893-48F9-8892-C86158FC1185}.Release|Any CPU.ActiveCfg = Release|Any CPU
		{667FA2F4-F893-48F9-8892-C86158FC1185}.Release|Any CPU.Build.0 = Release|Any CPU
		{9B2E8883-B4A5-4107-BF38-15A067CA5B85}.Debug|Any CPU.ActiveCfg = Debug|Any CPU
		{9B2E8883-B4A5-4107-BF38-15A067CA5B85}.Debug|Any CPU.Build.0 = Debug|Any CPU
		{9B2E8883-B4A5-4107-BF38-15A067CA5B85}.Release|Any CPU.ActiveCfg = Release|Any CPU
		{9B2E8883-B4A5-4107-BF38-15A067CA5B85}.Release|Any CPU.Build.0 = Release|Any CPU
		{0D50C51B-6500-4C28-AF52-4012649A69BD}.Debug|Any CPU.ActiveCfg = Debug|Any CPU
		{0D50C51B-6500-4C28-AF52-4012649A69BD}.Debug|Any CPU.Build.0 = Debug|Any CPU
		{0D50C51B-6500-4C28-AF52-4012649A69BD}.Release|Any CPU.ActiveCfg = Release|Any CPU
		{0D50C51B-6500-4C28-AF52-4012649A69BD}.Release|Any CPU.Build.0 = Release|Any CPU
		{BEA3E8C2-B3CA-4F5C-B911-D8A9808EC648}.Debug|Any CPU.ActiveCfg = Debug|Any CPU
		{BEA3E8C2-B3CA-4F5C-B911-D8A9808EC648}.Debug|Any CPU.Build.0 = Debug|Any CPU
		{BEA3E8C2-B3CA-4F5C-B911-D8A9808EC648}.Release|Any CPU.ActiveCfg = Release|Any CPU
		{BEA3E8C2-B3CA-4F5C-B911-D8A9808EC648}.Release|Any CPU.Build.0 = Release|Any CPU
		{E2A72B48-2409-4B2E-9994-52AEF6651679}.Debug|Any CPU.ActiveCfg = Debug|Any CPU
		{E2A72B48-2409-4B2E-9994-52AEF6651679}.Debug|Any CPU.Build.0 = Debug|Any CPU
		{E2A72B48-2409-4B2E-9994-52AEF6651679}.Release|Any CPU.ActiveCfg = Release|Any CPU
		{E2A72B48-2409-4B2E-9994-52AEF6651679}.Release|Any CPU.Build.0 = Release|Any CPU
		{02E81DF2-3DE1-48C8-B8BC-64AC5030BC2F}.Debug|Any CPU.ActiveCfg = Debug|Any CPU
		{02E81DF2-3DE1-48C8-B8BC-64AC5030BC2F}.Debug|Any CPU.Build.0 = Debug|Any CPU
		{02E81DF2-3DE1-48C8-B8BC-64AC5030BC2F}.Release|Any CPU.ActiveCfg = Release|Any CPU
		{02E81DF2-3DE1-48C8-B8BC-64AC5030BC2F}.Release|Any CPU.Build.0 = Release|Any CPU
	EndGlobalSection
	GlobalSection(SolutionProperties) = preSolution
		HideSolutionNode = FALSE
	EndGlobalSection
EndGlobal
